// !$*UTF8*$!
{
	archiveVersion = 1;
	classes = {
	};
	objectVersion = 48;
	objects = {

/* Begin PBXBuildFile section */
		A25FCBBC1F7B738D007E59BB /* AppDelegate.m in Sources */ = {isa = PBXBuildFile; fileRef = A25FCBBB1F7B738D007E59BB /* AppDelegate.m */; };
		A25FCBBF1F7B738D007E59BB /* ViewController.m in Sources */ = {isa = PBXBuildFile; fileRef = A25FCBBE1F7B738D007E59BB /* ViewController.m */; };
		A25FCBC21F7B738D007E59BB /* Main.storyboard in Resources */ = {isa = PBXBuildFile; fileRef = A25FCBC01F7B738D007E59BB /* Main.storyboard */; };
		A25FCBC71F7B738D007E59BB /* LaunchScreen.storyboard in Resources */ = {isa = PBXBuildFile; fileRef = A25FCBC51F7B738D007E59BB /* LaunchScreen.storyboard */; };
		A25FCBCA1F7B738D007E59BB /* main.m in Sources */ = {isa = PBXBuildFile; fileRef = A25FCBC91F7B738D007E59BB /* main.m */; };
		A25FCBD31F7B7B1B007E59BB /* Assets.xcassets in Resources */ = {isa = PBXBuildFile; fileRef = A25FCBD21F7B7B1B007E59BB /* Assets.xcassets */; };
		A25FCBD51F7B7B24007E59BB /* PieChart.podspec in Resources */ = {isa = PBXBuildFile; fileRef = A25FCBD41F7B7B23007E59BB /* PieChart.podspec */; };
		A25FCBD81F7B7B57007E59BB /* README.md in Resources */ = {isa = PBXBuildFile; fileRef = A25FCBD61F7B7B57007E59BB /* README.md */; };
		A25FCBD91F7B7B57007E59BB /* LICENSE in Resources */ = {isa = PBXBuildFile; fileRef = A25FCBD71F7B7B57007E59BB /* LICENSE */; };
/* End PBXBuildFile section */

/* Begin PBXFileReference section */
		A25FCBB71F7B738D007E59BB /* PieChart.app */ = {isa = PBXFileReference; explicitFileType = wrapper.application; includeInIndex = 0; path = PieChart.app; sourceTree = BUILT_PRODUCTS_DIR; };
		A25FCBBA1F7B738D007E59BB /* AppDelegate.h */ = {isa = PBXFileReference; lastKnownFileType = sourcecode.c.h; path = AppDelegate.h; sourceTree = "<group>"; };
		A25FCBBB1F7B738D007E59BB /* AppDelegate.m */ = {isa = PBXFileReference; lastKnownFileType = sourcecode.c.objc; path = AppDelegate.m; sourceTree = "<group>"; };
		A25FCBBD1F7B738D007E59BB /* ViewController.h */ = {isa = PBXFileReference; lastKnownFileType = sourcecode.c.h; path = ViewController.h; sourceTree = "<group>"; };
		A25FCBBE1F7B738D007E59BB /* ViewController.m */ = {isa = PBXFileReference; lastKnownFileType = sourcecode.c.objc; path = ViewController.m; sourceTree = "<group>"; };
		A25FCBC11F7B738D007E59BB /* Base */ = {isa = PBXFileReference; lastKnownFileType = file.storyboard; name = Base; path = Base.lproj/Main.storyboard; sourceTree = "<group>"; };
		A25FCBC61F7B738D007E59BB /* Base */ = {isa = PBXFileReference; lastKnownFileType = file.storyboard; name = Base; path = Base.lproj/LaunchScreen.storyboard; sourceTree = "<group>"; };
		A25FCBC81F7B738D007E59BB /* Info.plist */ = {isa = PBXFileReference; lastKnownFileType = text.plist.xml; path = Info.plist; sourceTree = "<group>"; };
		A25FCBC91F7B738D007E59BB /* main.m */ = {isa = PBXFileReference; lastKnownFileType = sourcecode.c.objc; path = main.m; sourceTree = "<group>"; };
		A25FCBD21F7B7B1B007E59BB /* Assets.xcassets */ = {isa = PBXFileReference; lastKnownFileType = folder.assetcatalog; name = Assets.xcassets; path = PieChart/Assets.xcassets; sourceTree = SOURCE_ROOT; };
		A25FCBD41F7B7B23007E59BB /* PieChart.podspec */ = {isa = PBXFileReference; explicitFileType = text.script.ruby; fileEncoding = 4; path = PieChart.podspec; sourceTree = SOURCE_ROOT; };
		A25FCBD61F7B7B57007E59BB /* README.md */ = {isa = PBXFileReference; fileEncoding = 4; lastKnownFileType = net.daringfireball.markdown; path = README.md; sourceTree = SOURCE_ROOT; };
		A25FCBD71F7B7B57007E59BB /* LICENSE */ = {isa = PBXFileReference; fileEncoding = 4; lastKnownFileType = text; path = LICENSE; sourceTree = SOURCE_ROOT; };
/* End PBXFileReference section */

/* Begin PBXFrameworksBuildPhase section */
		A25FCBB41F7B738C007E59BB /* Frameworks */ = {
			isa = PBXFrameworksBuildPhase;
			buildActionMask = 2147483647;
			files = (
			);
			runOnlyForDeploymentPostprocessing = 0;
		};
/* End PBXFrameworksBuildPhase section */

/* Begin PBXGroup section */
		A25FCBAE1F7B738C007E59BB = {
			isa = PBXGroup;
			children = (
				A25FCBB91F7B738D007E59BB /* PieChart */,
				A25FCBB81F7B738D007E59BB /* Products */,
				A25FCBD11F7B7AAD007E59BB /* Surpporting Files */,
			);
			sourceTree = "<group>";
		};
		A25FCBB81F7B738D007E59BB /* Products */ = {
			isa = PBXGroup;
			children = (
				A25FCBB71F7B738D007E59BB /* PieChart.app */,
			);
			name = Products;
			sourceTree = "<group>";
		};
		A25FCBB91F7B738D007E59BB /* PieChart */ = {
			isa = PBXGroup;
			children = (
				A25FCBBA1F7B738D007E59BB /* AppDelegate.h */,
				A25FCBBB1F7B738D007E59BB /* AppDelegate.m */,
				A25FCBBD1F7B738D007E59BB /* ViewController.h */,
				A25FCBBE1F7B738D007E59BB /* ViewController.m */,
				A25FCBC01F7B738D007E59BB /* Main.storyboard */,
				A25FCBC51F7B738D007E59BB /* LaunchScreen.storyboard */,
				A25FCBC81F7B738D007E59BB /* Info.plist */,
				A25FCBC91F7B738D007E59BB /* main.m */,
			);
			path = PieChart;
			sourceTree = "<group>";
		};
		A25FCBD11F7B7AAD007E59BB /* Surpporting Files */ = {
			isa = PBXGroup;
			children = (
				A25FCBD71F7B7B57007E59BB /* LICENSE */,
				A25FCBD61F7B7B57007E59BB /* README.md */,
				A25FCBD41F7B7B23007E59BB /* PieChart.podspec */,
				A25FCBD21F7B7B1B007E59BB /* Assets.xcassets */,
			);
			path = "Surpporting Files";
			sourceTree = "<group>";
		};
/* End PBXGroup section */

/* Begin PBXNativeTarget section */
		A25FCBB61F7B738C007E59BB /* PieChart */ = {
			isa = PBXNativeTarget;
			buildConfigurationList = A25FCBCD1F7B738D007E59BB /* Build configuration list for PBXNativeTarget "PieChart" */;
			buildPhases = (
				A25FCBB31F7B738C007E59BB /* Sources */,
				A25FCBB41F7B738C007E59BB /* Frameworks */,
				A25FCBB51F7B738C007E59BB /* Resources */,
			);
			buildRules = (
			);
			dependencies = (
			);
			name = PieChart;
			productName = PieChart;
			productReference = A25FCBB71F7B738D007E59BB /* PieChart.app */;
			productType = "com.apple.product-type.application";
		};
/* End PBXNativeTarget section */

/* Begin PBXProject section */
		A25FCBAF1F7B738C007E59BB /* Project object */ = {
			isa = PBXProject;
			attributes = {
				LastUpgradeCheck = 0900;
				ORGANIZATIONNAME = wsj_2012;
				TargetAttributes = {
					A25FCBB61F7B738C007E59BB = {
						CreatedOnToolsVersion = 9.0;
						ProvisioningStyle = Automatic;
					};
				};
			};
			buildConfigurationList = A25FCBB21F7B738C007E59BB /* Build configuration list for PBXProject "PieChart" */;
			compatibilityVersion = "Xcode 8.0";
			developmentRegion = en;
			hasScannedForEncodings = 0;
			knownRegions = (
				en,
				Base,
			);
			mainGroup = A25FCBAE1F7B738C007E59BB;
			productRefGroup = A25FCBB81F7B738D007E59BB /* Products */;
			projectDirPath = "";
			projectRoot = "";
			targets = (
				A25FCBB61F7B738C007E59BB /* PieChart */,
			);
		};
/* End PBXProject section */

/* Begin PBXResourcesBuildPhase section */
		A25FCBB51F7B738C007E59BB /* Resources */ = {
			isa = PBXResourcesBuildPhase;
			buildActionMask = 2147483647;
			files = (
				A25FCBD91F7B7B57007E59BB /* LICENSE in Resources */,
				A25FCBD51F7B7B24007E59BB /* PieChart.podspec in Resources */,
				A25FCBC71F7B738D007E59BB /* LaunchScreen.storyboard in Resources */,
				A25FCBD81F7B7B57007E59BB /* README.md in Resources */,
				A25FCBD31F7B7B1B007E59BB /* Assets.xcassets in Resources */,
				A25FCBC21F7B738D007E59BB /* Main.storyboard in Resources */,
			);
			runOnlyForDeploymentPostprocessing = 0;
		};
/* End PBXResourcesBuildPhase section */

/* Begin PBXSourcesBuildPhase section */
		A25FCBB31F7B738C007E59BB /* Sources */ = {
			isa = PBXSourcesBuildPhase;
			buildActionMask = 2147483647;
			files = (
				A25FCBBF1F7B738D007E59BB /* ViewController.m in Sources */,
				A25FCBCA1F7B738D007E59BB /* main.m in Sources */,
				A25FCBBC1F7B738D007E59BB /* AppDelegate.m in Sources */,
			);
			runOnlyForDeploymentPostprocessing = 0;
		};
/* End PBXSourcesBuildPhase section */

/* Begin PBXVariantGroup section */
		A25FCBC01F7B738D007E59BB /* Main.storyboard */ = {
			isa = PBXVariantGroup;
			children = (
				A25FCBC11F7B738D007E59BB /* Base */,
			);
			name = Main.storyboard;
			sourceTree = "<group>";
		};
		A25FCBC51F7B738D007E59BB /* LaunchScreen.storyboard */ = {
			isa = PBXVariantGroup;
			children = (
				A25FCBC61F7B738D007E59BB /* Base */,
			);
			name = LaunchScreen.storyboard;
			sourceTree = "<group>";
		};
/* End PBXVariantGroup section */

/* Begin XCBuildConfiguration section */
		A25FCBCB1F7B738D007E59BB /* Debug */ = {
			isa = XCBuildConfiguration;
			buildSettings = {
				ALWAYS_SEARCH_USER_PATHS = NO;
				CLANG_ANALYZER_NONNULL = YES;
				CLANG_ANALYZER_NUMBER_OBJECT_CONVERSION = YES_AGGRESSIVE;
				CLANG_CXX_LANGUAGE_STANDARD = "gnu++14";
				CLANG_CXX_LIBRARY = "libc++";
				CLANG_ENABLE_MODULES = YES;
				CLANG_ENABLE_OBJC_ARC = YES;
				CLANG_WARN_BLOCK_CAPTURE_AUTORELEASING = YES;
				CLANG_WARN_BOOL_CONVERSION = YES;
				CLANG_WARN_COMMA = YES;
				CLANG_WARN_CONSTANT_CONVERSION = YES;
				CLANG_WARN_DIRECT_OBJC_ISA_USAGE = YES_ERROR;
				CLANG_WARN_DOCUMENTATION_COMMENTS = YES;
				CLANG_WARN_EMPTY_BODY = YES;
				CLANG_WARN_ENUM_CONVERSION = YES;
				CLANG_WARN_INFINITE_RECURSION = YES;
				CLANG_WARN_INT_CONVERSION = YES;
				CLANG_WARN_NON_LITERAL_NULL_CONVERSION = YES;
				CLANG_WARN_OBJC_LITERAL_CONVERSION = YES;
				CLANG_WARN_OBJC_ROOT_CLASS = YES_ERROR;
				CLANG_WARN_RANGE_LOOP_ANALYSIS = YES;
				CLANG_WARN_STRICT_PROTOTYPES = YES;
				CLANG_WARN_SUSPICIOUS_MOVE = YES;
				CLANG_WARN_UNGUARDED_AVAILABILITY = YES_AGGRESSIVE;
				CLANG_WARN_UNREACHABLE_CODE = YES;
				CLANG_WARN__DUPLICATE_METHOD_MATCH = YES;
				CODE_SIGN_IDENTITY = "iPhone Developer";
				COPY_PHASE_STRIP = NO;
				DEBUG_INFORMATION_FORMAT = dwarf;
				ENABLE_STRICT_OBJC_MSGSEND = YES;
				ENABLE_TESTABILITY = YES;
				GCC_C_LANGUAGE_STANDARD = gnu11;
				GCC_DYNAMIC_NO_PIC = NO;
				GCC_NO_COMMON_BLOCKS = YES;
				GCC_OPTIMIZATION_LEVEL = 0;
				GCC_PREPROCESSOR_DEFINITIONS = (
					"DEBUG=1",
					"$(inherited)",
				);
				GCC_WARN_64_TO_32_BIT_CONVERSION = YES;
				GCC_WARN_ABOUT_RETURN_TYPE = YES_ERROR;
				GCC_WARN_UNDECLARED_SELECTOR = YES;
				GCC_WARN_UNINITIALIZED_AUTOS = YES_AGGRESSIVE;
				GCC_WARN_UNUSED_FUNCTION = YES;
				GCC_WARN_UNUSED_VARIABLE = YES;
				IPHONEOS_DEPLOYMENT_TARGET = 11.0;
				MTL_ENABLE_DEBUG_INFO = YES;
				ONLY_ACTIVE_ARCH = YES;
				SDKROOT = iphoneos;
			};
			name = Debug;
		};
		A25FCBCC1F7B738D007E59BB /* Release */ = {
			isa = XCBuildConfiguration;
			buildSettings = {
				ALWAYS_SEARCH_USER_PATHS = NO;
				CLANG_ANALYZER_NONNULL = YES;
				CLANG_ANALYZER_NUMBER_OBJECT_CONVERSION = YES_AGGRESSIVE;
				CLANG_CXX_LANGUAGE_STANDARD = "gnu++14";
				CLANG_CXX_LIBRARY = "libc++";
				CLANG_ENABLE_MODULES = YES;
				CLANG_ENABLE_OBJC_ARC = YES;
				CLANG_WARN_BLOCK_CAPTURE_AUTORELEASING = YES;
				CLANG_WARN_BOOL_CONVERSION = YES;
				CLANG_WARN_COMMA = YES;
				CLANG_WARN_CONSTANT_CONVERSION = YES;
				CLANG_WARN_DIRECT_OBJC_ISA_USAGE = YES_ERROR;
				CLANG_WARN_DOCUMENTATION_COMMENTS = YES;
				CLANG_WARN_EMPTY_BODY = YES;
				CLANG_WARN_ENUM_CONVERSION = YES;
				CLANG_WARN_INFINITE_RECURSION = YES;
				CLANG_WARN_INT_CONVERSION = YES;
				CLANG_WARN_NON_LITERAL_NULL_CONVERSION = YES;
				CLANG_WARN_OBJC_LITERAL_CONVERSION = YES;
				CLANG_WARN_OBJC_ROOT_CLASS = YES_ERROR;
				CLANG_WARN_RANGE_LOOP_ANALYSIS = YES;
				CLANG_WARN_STRICT_PROTOTYPES = YES;
				CLANG_WARN_SUSPICIOUS_MOVE = YES;
				CLANG_WARN_UNGUARDED_AVAILABILITY = YES_AGGRESSIVE;
				CLANG_WARN_UNREACHABLE_CODE = YES;
				CLANG_WARN__DUPLICATE_METHOD_MATCH = YES;
				CODE_SIGN_IDENTITY = "iPhone Developer";
				COPY_PHASE_STRIP = NO;
				DEBUG_INFORMATION_FORMAT = "dwarf-with-dsym";
				ENABLE_NS_ASSERTIONS = NO;
				ENABLE_STRICT_OBJC_MSGSEND = YES;
				GCC_C_LANGUAGE_STANDARD = gnu11;
				GCC_NO_COMMON_BLOCKS = YES;
				GCC_WARN_64_TO_32_BIT_CONVERSION = YES;
				GCC_WARN_ABOUT_RETURN_TYPE = YES_ERROR;
				GCC_WARN_UNDECLARED_SELECTOR = YES;
				GCC_WARN_UNINITIALIZED_AUTOS = YES_AGGRESSIVE;
				GCC_WARN_UNUSED_FUNCTION = YES;
				GCC_WARN_UNUSED_VARIABLE = YES;
				IPHONEOS_DEPLOYMENT_TARGET = 11.0;
				MTL_ENABLE_DEBUG_INFO = NO;
				SDKROOT = iphoneos;
				VALIDATE_PRODUCT = YES;
			};
			name = Release;
		};
		A25FCBCE1F7B738D007E59BB /* Debug */ = {
			isa = XCBuildConfiguration;
			buildSettings = {
				ASSETCATALOG_COMPILER_APPICON_NAME = AppIcon;
				CODE_SIGN_STYLE = Automatic;
				INFOPLIST_FILE = PieChart/Info.plist;
				LD_RUNPATH_SEARCH_PATHS = "$(inherited) @executable_path/Frameworks";
				PRODUCT_BUNDLE_IDENTIFIER = com.ch.PieChart;
				PRODUCT_NAME = "$(TARGET_NAME)";
				TARGETED_DEVICE_FAMILY = "1,2";
			};
			name = Debug;
		};
		A25FCBCF1F7B738D007E59BB /* Release */ = {
			isa = XCBuildConfiguration;
			buildSettings = {
				ASSETCATALOG_COMPILER_APPICON_NAME = AppIcon;
				CODE_SIGN_STYLE = Automatic;
				INFOPLIST_FILE = PieChart/Info.plist;
				LD_RUNPATH_SEARCH_PATHS = "$(inherited) @executable_path/Frameworks";
				PRODUCT_BUNDLE_IDENTIFIER = com.ch.PieChart;
				PRODUCT_NAME = "$(TARGET_NAME)";
				TARGETED_DEVICE_FAMILY = "1,2";
			};
			name = Release;
		};
/* End XCBuildConfiguration section */

/* Begin XCConfigurationList section */
		A25FCBB21F7B738C007E59BB /* Build configuration list for PBXProject "PieChart" */ = {
			isa = XCConfigurationList;
			buildConfigurations = (
				A25FCBCB1F7B738D007E59BB /* Debug */,
				A25FCBCC1F7B738D007E59BB /* Release */,
			);
			defaultConfigurationIsVisible = 0;
			defaultConfigurationName = Release;
		};
		A25FCBCD1F7B738D007E59BB /* Build configuration list for PBXNativeTarget "PieChart" */ = {
			isa = XCConfigurationList;
			buildConfigurations = (
				A25FCBCE1F7B738D007E59BB /* Debug */,
				A25FCBCF1F7B738D007E59BB /* Release */,
			);
			defaultConfigurationIsVisible = 0;
			defaultConfigurationName = Release;
		};
/* End XCConfigurationList section */
	};
	rootObject = A25FCBAF1F7B738C007E59BB /* Project object */;
}
